
Microsoft Visual Studio Solution File, Format Version 12.00
# Visual Studio Version 16
VisualStudioVersion = 16.0.29609.76
MinimumVisualStudioVersion = 15.0.26124.0
Project("{FAE04EC0-301F-11D3-BF4B-00C04F79EFBC}") = "DeviceBase", "src\DeviceBase\DeviceBase.csproj", "{DF7D6570-6963-4860-A1C0-4935E3FF4DBF}"
EndProject
Global
	GlobalSection(SolutionConfigurationPlatforms) = preSolution
		Debug|Any CPU = Debug|Any CPU
		Debug|x64 = Debug|x64
		Debug|x86 = Debug|x86
		Release|Any CPU = Release|Any CPU
		Release|x64 = Release|x64
		Release|x86 = Release|x86
	EndGlobalSection
	GlobalSection(ProjectConfigurationPlatforms) = postSolution
		{DF7D6570-6963-4860-A1C0-4935E3FF4DBF}.Debug|Any CPU.ActiveCfg = Debug|Any CPU
		{DF7D6570-6963-4860-A1C0-4935E3FF4DBF}.Debug|Any CPU.Build.0 = Debug|Any CPU
		{DF7D6570-6963-4860-A1C0-4935E3FF4DBF}.Debug|x64.ActiveCfg = Debug|Any CPU
		{DF7D6570-6963-4860-A1C0-4935E3FF4DBF}.Debug|x64.Build.0 = Debug|Any CPU
		{DF7D6570-6963-4860-A1C0-4935E3FF4DBF}.Debug|x86.ActiveCfg = Debug|Any CPU
		{DF7D6570-6963-4860-A1C0-4935E3FF4DBF}.Debug|x86.Build.0 = Debug|Any CPU
		{DF7D6570-6963-4860-A1C0-4935E3FF4DBF}.Release|Any CPU.ActiveCfg = Release|Any CPU
		{DF7D6570-6963-4860-A1C0-4935E3FF4DBF}.Release|Any CPU.Build.0 = Release|Any CPU
		{DF7D6570-6963-4860-A1C0-4935E3FF4DBF}.Release|x64.ActiveCfg = Release|Any CPU
		{DF7D6570-6963-4860-A1C0-4935E3FF4DBF}.Release|x64.Build.0 = Release|Any CPU
		{DF7D6570-6963-4860-A1C0-4935E3FF4DBF}.Release|x86.ActiveCfg = Release|Any CPU
		{DF7D6570-6963-4860-A1C0-4935E3FF4DBF}.Release|x86.Build.0 = Release|Any CPU
	EndGlobalSection
	GlobalSection(SolutionProperties) = preSolution
		HideSolutionNode = FALSE
	EndGlobalSection
	GlobalSection(ExtensibilityGlobals) = postSolution
		SolutionGuid = {603B478D-850E-4051-8275-AD7E50767352}
	EndGlobalSection
EndGlobal
